
Microsoft Visual Studio Solution File, Format Version 12.00
# Visual Studio Version 17
VisualStudioVersion = 17.10.35013.160
MinimumVisualStudioVersion = 10.0.40219.1
Project("{9A19103F-16F7-4668-BE54-9A1E7A4F7556}") = "TallerPlataformaComercioElectronico", "TallerPlataformaComercioElectronico\TallerPlataformaComercioElectronico.csproj", "{8EE2DA18-BF53-45C2-B58A-D6E0B17ECE61}"
EndProject
Project("{FAE04EC0-301F-11D3-BF4B-00C04F79EFBC}") = "TallerPlataformaComercioElectronico.Tests", "TallerPlataformaCorreoElectronico.Tests\TallerPlataformaComercioElectronico.Tests.csproj", "{9EB0612D-E19E-4659-9CC4-2BB43186D4C5}"
EndProject
Global
	GlobalSection(SolutionConfigurationPlatforms) = preSolution
		Debug|Any CPU = Debug|Any CPU
		Release|Any CPU = Release|Any CPU
	EndGlobalSection
	GlobalSection(ProjectConfigurationPlatforms) = postSolution
		{8EE2DA18-BF53-45C2-B58A-D6E0B17ECE61}.Debug|Any CPU.ActiveCfg = Debug|Any CPU
		{8EE2DA18-BF53-45C2-B58A-D6E0B17ECE61}.Debug|Any CPU.Build.0 = Debug|Any CPU
		{8EE2DA18-BF53-45C2-B58A-D6E0B17ECE61}.Release|Any CPU.ActiveCfg = Release|Any CPU
		{8EE2DA18-BF53-45C2-B58A-D6E0B17ECE61}.Release|Any CPU.Build.0 = Release|Any CPU
		{9EB0612D-E19E-4659-9CC4-2BB43186D4C5}.Debug|Any CPU.ActiveCfg = Debug|Any CPU
		{9EB0612D-E19E-4659-9CC4-2BB43186D4C5}.Debug|Any CPU.Build.0 = Debug|Any CPU
		{9EB0612D-E19E-4659-9CC4-2BB43186D4C5}.Release|Any CPU.ActiveCfg = Release|Any CPU
		{9EB0612D-E19E-4659-9CC4-2BB43186D4C5}.Release|Any CPU.Build.0 = Release|Any CPU
	EndGlobalSection
	GlobalSection(SolutionProperties) = preSolution
		HideSolutionNode = FALSE
	EndGlobalSection
	GlobalSection(ExtensibilityGlobals) = postSolution
		SolutionGuid = {D09344D7-25F0-4855-895D-83C1451C4EEA}
	EndGlobalSection
EndGlobal
